
Microsoft Visual Studio Solution File, Format Version 11.00
# Visual Studio 2010
Project("{FAE04EC0-301F-11D3-BF4B-00C04F79EFBC}") = "Web", "src\Web\Web.csproj", "{239250F0-D552-4DD4-847E-CDC7698219E4}"
EndProject
Project("{FAE04EC0-301F-11D3-BF4B-00C04F79EFBC}") = "Tests.Unit", "src\Tests.Unit\Tests.Unit.csproj", "{BD6CD411-F3D4-4F50-918E-DD7736BDC95F}"
EndProject
Global
	GlobalSection(SolutionConfigurationPlatforms) = preSolution
		Debug|Any CPU = Debug|Any CPU
		Release|Any CPU = Release|Any CPU
	EndGlobalSection
	GlobalSection(ProjectConfigurationPlatforms) = postSolution
		{239250F0-D552-4DD4-847E-CDC7698219E4}.Debug|Any CPU.ActiveCfg = Debug|Any CPU
		{239250F0-D552-4DD4-847E-CDC7698219E4}.Debug|Any CPU.Build.0 = Debug|Any CPU
		{239250F0-D552-4DD4-847E-CDC7698219E4}.Release|Any CPU.ActiveCfg = Release|Any CPU
		{239250F0-D552-4DD4-847E-CDC7698219E4}.Release|Any CPU.Build.0 = Release|Any CPU
		{BD6CD411-F3D4-4F50-918E-DD7736BDC95F}.Debug|Any CPU.ActiveCfg = Debug|Any CPU
		{BD6CD411-F3D4-4F50-918E-DD7736BDC95F}.Debug|Any CPU.Build.0 = Debug|Any CPU
		{BD6CD411-F3D4-4F50-918E-DD7736BDC95F}.Release|Any CPU.ActiveCfg = Release|Any CPU
		{BD6CD411-F3D4-4F50-918E-DD7736BDC95F}.Release|Any CPU.Build.0 = Release|Any CPU
	EndGlobalSection
	GlobalSection(SolutionProperties) = preSolution
		HideSolutionNode = FALSE
	EndGlobalSection
EndGlobal
